
Microsoft Visual Studio Solution File, Format Version 12.00
# Visual Studio Version 17
VisualStudioVersion = 17.8.34309.116
MinimumVisualStudioVersion = 10.0.40219.1
Project("{FAE04EC0-301F-11D3-BF4B-00C04F79EFBC}") = "WebApplication1", "WebApplication1\WebApplication1.csproj", "{4F6A675E-76B4-4095-B0FF-B37FF5867FA1}"
EndProject
Project("{2150E333-8FDC-42A3-9474-1A3956D46DE8}") = "Solution Items", "Solution Items", "{86AB2646-A2D3-4CA4-A9A9-95AA91998E90}"
	ProjectSection(SolutionItems) = preProject
		Dockerfile = Dockerfile
	EndProjectSection
EndProject
Global
	GlobalSection(SolutionConfigurationPlatforms) = preSolution
		Debug|Any CPU = Debug|Any CPU
		Release|Any CPU = Release|Any CPU
	EndGlobalSection
	GlobalSection(ProjectConfigurationPlatforms) = postSolution
		{4F6A675E-76B4-4095-B0FF-B37FF5867FA1}.Debug|Any CPU.ActiveCfg = Debug|Any CPU
		{4F6A675E-76B4-4095-B0FF-B37FF5867FA1}.Debug|Any CPU.Build.0 = Debug|Any CPU
		{4F6A675E-76B4-4095-B0FF-B37FF5867FA1}.Release|Any CPU.ActiveCfg = Release|Any CPU
		{4F6A675E-76B4-4095-B0FF-B37FF5867FA1}.Release|Any CPU.Build.0 = Release|Any CPU
	EndGlobalSection
	GlobalSection(SolutionProperties) = preSolution
		HideSolutionNode = FALSE
	EndGlobalSection
	GlobalSection(ExtensibilityGlobals) = postSolution
		SolutionGuid = {7FCD55FA-1384-4BCB-B415-CED0171B9584}
	EndGlobalSection
EndGlobal
